
Microsoft Visual Studio Solution File, Format Version 12.00
# Visual Studio Version 17
VisualStudioVersion = 17.7.34031.279
MinimumVisualStudioVersion = 10.0.40219.1
Project("{FAE04EC0-301F-11D3-BF4B-00C04F79EFBC}") = "Employee-Management", "Employee-Management\Employee-Management.csproj", "{56DF7815-D6F2-411D-BA83-E283E5B288EC}"
EndProject
Global
	GlobalSection(SolutionConfigurationPlatforms) = preSolution
		Debug|Any CPU = Debug|Any CPU
		Release|Any CPU = Release|Any CPU
	EndGlobalSection
	GlobalSection(ProjectConfigurationPlatforms) = postSolution
		{56DF7815-D6F2-411D-BA83-E283E5B288EC}.Debug|Any CPU.ActiveCfg = Debug|Any CPU
		{56DF7815-D6F2-411D-BA83-E283E5B288EC}.Debug|Any CPU.Build.0 = Debug|Any CPU
		{56DF7815-D6F2-411D-BA83-E283E5B288EC}.Release|Any CPU.ActiveCfg = Release|Any CPU
		{56DF7815-D6F2-411D-BA83-E283E5B288EC}.Release|Any CPU.Build.0 = Release|Any CPU
	EndGlobalSection
	GlobalSection(SolutionProperties) = preSolution
		HideSolutionNode = FALSE
	EndGlobalSection
	GlobalSection(ExtensibilityGlobals) = postSolution
		SolutionGuid = {3B8A2C1F-8EC3-46F5-B3ED-3D90CD239105}
	EndGlobalSection
EndGlobal
